
Microsoft Visual Studio Solution File, Format Version 12.00
# Visual Studio 15
VisualStudioVersion = 15.0.28307.902
MinimumVisualStudioVersion = 10.0.40219.1
Project("{FAE04EC0-301F-11D3-BF4B-00C04F79EFBC}") = "HMS", "HMS\HMS.csproj", "{2482D4C1-D4AC-4580-BB14-BEBA7033D20C}"
EndProject
Global
	GlobalSection(SolutionConfigurationPlatforms) = preSolution
		Debug|Any CPU = Debug|Any CPU
		Release|Any CPU = Release|Any CPU
	EndGlobalSection
	GlobalSection(ProjectConfigurationPlatforms) = postSolution
		{2482D4C1-D4AC-4580-BB14-BEBA7033D20C}.Debug|Any CPU.ActiveCfg = Debug|Any CPU
		{2482D4C1-D4AC-4580-BB14-BEBA7033D20C}.Debug|Any CPU.Build.0 = Debug|Any CPU
		{2482D4C1-D4AC-4580-BB14-BEBA7033D20C}.Release|Any CPU.ActiveCfg = Release|Any CPU
		{2482D4C1-D4AC-4580-BB14-BEBA7033D20C}.Release|Any CPU.Build.0 = Release|Any CPU
	EndGlobalSection
	GlobalSection(SolutionProperties) = preSolution
		HideSolutionNode = FALSE
	EndGlobalSection
	GlobalSection(ExtensibilityGlobals) = postSolution
		SolutionGuid = {EB9B1E59-02DA-4D5F-AD30-9940D7D52BF1}
	EndGlobalSection
EndGlobal
